
Microsoft Visual Studio Solution File, Format Version 12.00
# Visual Studio Version 16
VisualStudioVersion = 16.0.31025.194
MinimumVisualStudioVersion = 10.0.40219.1
Project("{FAE04EC0-301F-11D3-BF4B-00C04F79EFBC}") = "LocalizaCS", "LocalizaCS.csproj", "{AD81D401-66AC-4F67-8A8F-D5A8075F233B}"
EndProject
Global
	GlobalSection(SolutionConfigurationPlatforms) = preSolution
		Debug|Any CPU = Debug|Any CPU
		Release|Any CPU = Release|Any CPU
	EndGlobalSection
	GlobalSection(ProjectConfigurationPlatforms) = postSolution
		{AD81D401-66AC-4F67-8A8F-D5A8075F233B}.Debug|Any CPU.ActiveCfg = Debug|Any CPU
		{AD81D401-66AC-4F67-8A8F-D5A8075F233B}.Debug|Any CPU.Build.0 = Debug|Any CPU
		{AD81D401-66AC-4F67-8A8F-D5A8075F233B}.Release|Any CPU.ActiveCfg = Release|Any CPU
		{AD81D401-66AC-4F67-8A8F-D5A8075F233B}.Release|Any CPU.Build.0 = Release|Any CPU
	EndGlobalSection
	GlobalSection(SolutionProperties) = preSolution
		HideSolutionNode = FALSE
	EndGlobalSection
	GlobalSection(ExtensibilityGlobals) = postSolution
		SolutionGuid = {982E75BC-A66E-4C09-B111-146F37746D34}
	EndGlobalSection
EndGlobal
